// !$*UTF8*$!
{
	archiveVersion = 1;
	classes = {
	};
	objectVersion = 46;
	objects = {

/* Begin PBXBuildFile section */
		A6F490B265BBF398137C7802 /* Pods_SwiftBitesTests.framework in Frameworks */ = {isa = PBXBuildFile; fileRef = EEE47F8F0D3772B6B19B8E84 /* Pods_SwiftBitesTests.framework */; };
		BCD255C31DD103C7005965D8 /* Recipe.swift in Sources */ = {isa = PBXBuildFile; fileRef = BCD255C21DD103C7005965D8 /* Recipe.swift */; };
		BCD255C71DD1046C005965D8 /* RecipeParser.swift in Sources */ = {isa = PBXBuildFile; fileRef = BCD255C61DD1046C005965D8 /* RecipeParser.swift */; };
		BCD255C91DD105BB005965D8 /* RecipeClient.swift in Sources */ = {isa = PBXBuildFile; fileRef = BCD255C81DD105BB005965D8 /* RecipeClient.swift */; };
		BCD255CB1DD105CF005965D8 /* Video.swift in Sources */ = {isa = PBXBuildFile; fileRef = BCD255CA1DD105CF005965D8 /* Video.swift */; };
		BCE97EDB1DD0FCE1003F5F32 /* AppDelegate.swift in Sources */ = {isa = PBXBuildFile; fileRef = BCE97EDA1DD0FCE1003F5F32 /* AppDelegate.swift */; };
		BCE97EDD1DD0FCE1003F5F32 /* FeaturedViewController.swift in Sources */ = {isa = PBXBuildFile; fileRef = BCE97EDC1DD0FCE1003F5F32 /* FeaturedViewController.swift */; };
		BCE97EDF1DD0FCE1003F5F32 /* SearchViewController.swift in Sources */ = {isa = PBXBuildFile; fileRef = BCE97EDE1DD0FCE1003F5F32 /* SearchViewController.swift */; };
		BCE97EE21DD0FCE1003F5F32 /* Main.storyboard in Resources */ = {isa = PBXBuildFile; fileRef = BCE97EE01DD0FCE1003F5F32 /* Main.storyboard */; };
		BCE97EE41DD0FCE1003F5F32 /* Assets.xcassets in Resources */ = {isa = PBXBuildFile; fileRef = BCE97EE31DD0FCE1003F5F32 /* Assets.xcassets */; };
		BCE97EE71DD0FCE1003F5F32 /* LaunchScreen.storyboard in Resources */ = {isa = PBXBuildFile; fileRef = BCE97EE51DD0FCE1003F5F32 /* LaunchScreen.storyboard */; };
		BCE97EF21DD0FCE1003F5F32 /* SwiftBitesTests.swift in Sources */ = {isa = PBXBuildFile; fileRef = BCE97EF11DD0FCE1003F5F32 /* SwiftBitesTests.swift */; };
		BCE97EFD1DD0FCE1003F5F32 /* SwiftBitesUITests.swift in Sources */ = {isa = PBXBuildFile; fileRef = BCE97EFC1DD0FCE1003F5F32 /* SwiftBitesUITests.swift */; };
		BCE97F0B1DD1005B003F5F32 /* SavedViewController.swift in Sources */ = {isa = PBXBuildFile; fileRef = BCE97F0A1DD1005B003F5F32 /* SavedViewController.swift */; };
		BCE97F0D1DD100F2003F5F32 /* ShopViewController.swift in Sources */ = {isa = PBXBuildFile; fileRef = BCE97F0C1DD100F2003F5F32 /* ShopViewController.swift */; };
		BCFAD9291DD3A16700AD67D6 /* YoutubeVideoCell.swift in Sources */ = {isa = PBXBuildFile; fileRef = BCFAD9281DD3A16700AD67D6 /* YoutubeVideoCell.swift */; };
		D7869EE43AE691BB3D675A3F /* Pods_SwiftBitesUITests.framework in Frameworks */ = {isa = PBXBuildFile; fileRef = D9FC5B63E55A9B6A74662814 /* Pods_SwiftBitesUITests.framework */; };
		F68EE058CAE8A25E4415D127 /* Pods_SwiftBites.framework in Frameworks */ = {isa = PBXBuildFile; fileRef = 44C295EAC3975BE17A77CD43 /* Pods_SwiftBites.framework */; };
/* End PBXBuildFile section */

/* Begin PBXContainerItemProxy section */
		BCE97EEE1DD0FCE1003F5F32 /* PBXContainerItemProxy */ = {
			isa = PBXContainerItemProxy;
			containerPortal = BCE97ECF1DD0FCE1003F5F32 /* Project object */;
			proxyType = 1;
			remoteGlobalIDString = BCE97ED61DD0FCE1003F5F32;
			remoteInfo = SwiftBites;
		};
		BCE97EF91DD0FCE1003F5F32 /* PBXContainerItemProxy */ = {
			isa = PBXContainerItemProxy;
			containerPortal = BCE97ECF1DD0FCE1003F5F32 /* Project object */;
			proxyType = 1;
			remoteGlobalIDString = BCE97ED61DD0FCE1003F5F32;
			remoteInfo = SwiftBites;
		};
/* End PBXContainerItemProxy section */

/* Begin PBXFileReference section */
		3D55E0E3CC0BE839E49E24CC /* Pods-SwiftBitesTests.release.xcconfig */ = {isa = PBXFileReference; includeInIndex = 1; lastKnownFileType = text.xcconfig; name = "Pods-SwiftBitesTests.release.xcconfig"; path = "Pods/Target Support Files/Pods-SwiftBitesTests/Pods-SwiftBitesTests.release.xcconfig"; sourceTree = "<group>"; };
		44C295EAC3975BE17A77CD43 /* Pods_SwiftBites.framework */ = {isa = PBXFileReference; explicitFileType = wrapper.framework; includeInIndex = 0; path = Pods_SwiftBites.framework; sourceTree = BUILT_PRODUCTS_DIR; };
		57F3325CA75C90ACA1DAF3D3 /* Pods-SwiftBites.debug.xcconfig */ = {isa = PBXFileReference; includeInIndex = 1; lastKnownFileType = text.xcconfig; name = "Pods-SwiftBites.debug.xcconfig"; path = "Pods/Target Support Files/Pods-SwiftBites/Pods-SwiftBites.debug.xcconfig"; sourceTree = "<group>"; };
		8F2C26EBB17AD13E4F9EA1B4 /* Pods-SwiftBitesTests.debug.xcconfig */ = {isa = PBXFileReference; includeInIndex = 1; lastKnownFileType = text.xcconfig; name = "Pods-SwiftBitesTests.debug.xcconfig"; path = "Pods/Target Support Files/Pods-SwiftBitesTests/Pods-SwiftBitesTests.debug.xcconfig"; sourceTree = "<group>"; };
		9CD34E70FC990EC8369BAF8C /* Pods-SwiftBitesUITests.debug.xcconfig */ = {isa = PBXFileReference; includeInIndex = 1; lastKnownFileType = text.xcconfig; name = "Pods-SwiftBitesUITests.debug.xcconfig"; path = "Pods/Target Support Files/Pods-SwiftBitesUITests/Pods-SwiftBitesUITests.debug.xcconfig"; sourceTree = "<group>"; };
		9E1CE95A706CC9CE37B90475 /* Pods-SwiftBites.release.xcconfig */ = {isa = PBXFileReference; includeInIndex = 1; lastKnownFileType = text.xcconfig; name = "Pods-SwiftBites.release.xcconfig"; path = "Pods/Target Support Files/Pods-SwiftBites/Pods-SwiftBites.release.xcconfig"; sourceTree = "<group>"; };
		AE6F7DC2E79881B752C84798 /* Pods-SwiftBitesUITests.release.xcconfig */ = {isa = PBXFileReference; includeInIndex = 1; lastKnownFileType = text.xcconfig; name = "Pods-SwiftBitesUITests.release.xcconfig"; path = "Pods/Target Support Files/Pods-SwiftBitesUITests/Pods-SwiftBitesUITests.release.xcconfig"; sourceTree = "<group>"; };
		BCD255C21DD103C7005965D8 /* Recipe.swift */ = {isa = PBXFileReference; fileEncoding = 4; lastKnownFileType = sourcecode.swift; path = Recipe.swift; sourceTree = "<group>"; };
		BCD255C61DD1046C005965D8 /* RecipeParser.swift */ = {isa = PBXFileReference; fileEncoding = 4; lastKnownFileType = sourcecode.swift; path = RecipeParser.swift; sourceTree = "<group>"; };
		BCD255C81DD105BB005965D8 /* RecipeClient.swift */ = {isa = PBXFileReference; fileEncoding = 4; lastKnownFileType = sourcecode.swift; path = RecipeClient.swift; sourceTree = "<group>"; };
		BCD255CA1DD105CF005965D8 /* Video.swift */ = {isa = PBXFileReference; fileEncoding = 4; lastKnownFileType = sourcecode.swift; path = Video.swift; sourceTree = "<group>"; };
		BCE97ED71DD0FCE1003F5F32 /* SwiftBites.app */ = {isa = PBXFileReference; explicitFileType = wrapper.application; includeInIndex = 0; path = SwiftBites.app; sourceTree = BUILT_PRODUCTS_DIR; };
		BCE97EDA1DD0FCE1003F5F32 /* AppDelegate.swift */ = {isa = PBXFileReference; lastKnownFileType = sourcecode.swift; path = AppDelegate.swift; sourceTree = "<group>"; };
		BCE97EDC1DD0FCE1003F5F32 /* FeaturedViewController.swift */ = {isa = PBXFileReference; lastKnownFileType = sourcecode.swift; path = FeaturedViewController.swift; sourceTree = "<group>"; };
		BCE97EDE1DD0FCE1003F5F32 /* SearchViewController.swift */ = {isa = PBXFileReference; lastKnownFileType = sourcecode.swift; path = SearchViewController.swift; sourceTree = "<group>"; };
		BCE97EE11DD0FCE1003F5F32 /* Base */ = {isa = PBXFileReference; lastKnownFileType = file.storyboard; name = Base; path = Base.lproj/Main.storyboard; sourceTree = "<group>"; };
		BCE97EE31DD0FCE1003F5F32 /* Assets.xcassets */ = {isa = PBXFileReference; lastKnownFileType = folder.assetcatalog; path = Assets.xcassets; sourceTree = "<group>"; };
		BCE97EE61DD0FCE1003F5F32 /* Base */ = {isa = PBXFileReference; lastKnownFileType = file.storyboard; name = Base; path = Base.lproj/LaunchScreen.storyboard; sourceTree = "<group>"; };
		BCE97EE81DD0FCE1003F5F32 /* Info.plist */ = {isa = PBXFileReference; lastKnownFileType = text.plist.xml; path = Info.plist; sourceTree = "<group>"; };
		BCE97EED1DD0FCE1003F5F32 /* SwiftBitesTests.xctest */ = {isa = PBXFileReference; explicitFileType = wrapper.cfbundle; includeInIndex = 0; path = SwiftBitesTests.xctest; sourceTree = BUILT_PRODUCTS_DIR; };
		BCE97EF11DD0FCE1003F5F32 /* SwiftBitesTests.swift */ = {isa = PBXFileReference; lastKnownFileType = sourcecode.swift; path = SwiftBitesTests.swift; sourceTree = "<group>"; };
		BCE97EF31DD0FCE1003F5F32 /* Info.plist */ = {isa = PBXFileReference; lastKnownFileType = text.plist.xml; path = Info.plist; sourceTree = "<group>"; };
		BCE97EF81DD0FCE1003F5F32 /* SwiftBitesUITests.xctest */ = {isa = PBXFileReference; explicitFileType = wrapper.cfbundle; includeInIndex = 0; path = SwiftBitesUITests.xctest; sourceTree = BUILT_PRODUCTS_DIR; };
		BCE97EFC1DD0FCE1003F5F32 /* SwiftBitesUITests.swift */ = {isa = PBXFileReference; lastKnownFileType = sourcecode.swift; path = SwiftBitesUITests.swift; sourceTree = "<group>"; };
		BCE97EFE1DD0FCE1003F5F32 /* Info.plist */ = {isa = PBXFileReference; lastKnownFileType = text.plist.xml; path = Info.plist; sourceTree = "<group>"; };
		BCE97F0A1DD1005B003F5F32 /* SavedViewController.swift */ = {isa = PBXFileReference; fileEncoding = 4; lastKnownFileType = sourcecode.swift; path = SavedViewController.swift; sourceTree = "<group>"; };
		BCE97F0C1DD100F2003F5F32 /* ShopViewController.swift */ = {isa = PBXFileReference; fileEncoding = 4; lastKnownFileType = sourcecode.swift; path = ShopViewController.swift; sourceTree = "<group>"; };
		BCFAD9281DD3A16700AD67D6 /* YoutubeVideoCell.swift */ = {isa = PBXFileReference; fileEncoding = 4; lastKnownFileType = sourcecode.swift; path = YoutubeVideoCell.swift; sourceTree = "<group>"; };
		D9FC5B63E55A9B6A74662814 /* Pods_SwiftBitesUITests.framework */ = {isa = PBXFileReference; explicitFileType = wrapper.framework; includeInIndex = 0; path = Pods_SwiftBitesUITests.framework; sourceTree = BUILT_PRODUCTS_DIR; };
		EEE47F8F0D3772B6B19B8E84 /* Pods_SwiftBitesTests.framework */ = {isa = PBXFileReference; explicitFileType = wrapper.framework; includeInIndex = 0; path = Pods_SwiftBitesTests.framework; sourceTree = BUILT_PRODUCTS_DIR; };
/* End PBXFileReference section */

/* Begin PBXFrameworksBuildPhase section */
		BCE97ED41DD0FCE1003F5F32 /* Frameworks */ = {
			isa = PBXFrameworksBuildPhase;
			buildActionMask = 2147483647;
			files = (
				F68EE058CAE8A25E4415D127 /* Pods_SwiftBites.framework in Frameworks */,
			);
			runOnlyForDeploymentPostprocessing = 0;
		};
		BCE97EEA1DD0FCE1003F5F32 /* Frameworks */ = {
			isa = PBXFrameworksBuildPhase;
			buildActionMask = 2147483647;
			files = (
				A6F490B265BBF398137C7802 /* Pods_SwiftBitesTests.framework in Frameworks */,
			);
			runOnlyForDeploymentPostprocessing = 0;
		};
		BCE97EF51DD0FCE1003F5F32 /* Frameworks */ = {
			isa = PBXFrameworksBuildPhase;
			buildActionMask = 2147483647;
			files = (
				D7869EE43AE691BB3D675A3F /* Pods_SwiftBitesUITests.framework in Frameworks */,
			);
			runOnlyForDeploymentPostprocessing = 0;
		};
/* End PBXFrameworksBuildPhase section */

/* Begin PBXGroup section */
		01FEDE68BEBDF6B511A39E52 /* Frameworks */ = {
			isa = PBXGroup;
			children = (
				44C295EAC3975BE17A77CD43 /* Pods_SwiftBites.framework */,
				EEE47F8F0D3772B6B19B8E84 /* Pods_SwiftBitesTests.framework */,
				D9FC5B63E55A9B6A74662814 /* Pods_SwiftBitesUITests.framework */,
			);
			name = Frameworks;
			sourceTree = "<group>";
		};
		BCD255C11DD101F2005965D8 /* Models */ = {
			isa = PBXGroup;
			children = (
				BCD255C21DD103C7005965D8 /* Recipe.swift */,
				BCD255CA1DD105CF005965D8 /* Video.swift */,
			);
			name = Models;
			sourceTree = "<group>";
		};
		BCD255C41DD1040C005965D8 /* Network */ = {
			isa = PBXGroup;
			children = (
				BCD255C81DD105BB005965D8 /* RecipeClient.swift */,
			);
			name = Network;
			sourceTree = "<group>";
		};
		BCD255C51DD10415005965D8 /* Parser */ = {
			isa = PBXGroup;
			children = (
				BCD255C61DD1046C005965D8 /* RecipeParser.swift */,
			);
			name = Parser;
			sourceTree = "<group>";
		};
		BCE97ECE1DD0FCE1003F5F32 = {
			isa = PBXGroup;
			children = (
				BCE97ED91DD0FCE1003F5F32 /* SwiftBites */,
				BCE97EF01DD0FCE1003F5F32 /* SwiftBitesTests */,
				BCE97EFB1DD0FCE1003F5F32 /* SwiftBitesUITests */,
				BCE97ED81DD0FCE1003F5F32 /* Products */,
				EE45881CCDF80DF8822577A8 /* Pods */,
				01FEDE68BEBDF6B511A39E52 /* Frameworks */,
			);
			sourceTree = "<group>";
		};
		BCE97ED81DD0FCE1003F5F32 /* Products */ = {
			isa = PBXGroup;
			children = (
				BCE97ED71DD0FCE1003F5F32 /* SwiftBites.app */,
				BCE97EED1DD0FCE1003F5F32 /* SwiftBitesTests.xctest */,
				BCE97EF81DD0FCE1003F5F32 /* SwiftBitesUITests.xctest */,
			);
			name = Products;
			sourceTree = "<group>";
		};
		BCE97ED91DD0FCE1003F5F32 /* SwiftBites */ = {
			isa = PBXGroup;
			children = (
				BCD255C51DD10415005965D8 /* Parser */,
				BCD255C41DD1040C005965D8 /* Network */,
				BCD255C11DD101F2005965D8 /* Models */,
				BCE97EDA1DD0FCE1003F5F32 /* AppDelegate.swift */,
				BCE97EDC1DD0FCE1003F5F32 /* FeaturedViewController.swift */,
				BCE97EDE1DD0FCE1003F5F32 /* SearchViewController.swift */,
				BCE97EE01DD0FCE1003F5F32 /* Main.storyboard */,
				BCE97EE31DD0FCE1003F5F32 /* Assets.xcassets */,
				BCE97EE51DD0FCE1003F5F32 /* LaunchScreen.storyboard */,
				BCE97EE81DD0FCE1003F5F32 /* Info.plist */,
				BCE97F0A1DD1005B003F5F32 /* SavedViewController.swift */,
				BCE97F0C1DD100F2003F5F32 /* ShopViewController.swift */,
				BCFAD9281DD3A16700AD67D6 /* YoutubeVideoCell.swift */,
			);
			path = SwiftBites;
			sourceTree = "<group>";
		};
		BCE97EF01DD0FCE1003F5F32 /* SwiftBitesTests */ = {
			isa = PBXGroup;
			children = (
				BCE97EF11DD0FCE1003F5F32 /* SwiftBitesTests.swift */,
				BCE97EF31DD0FCE1003F5F32 /* Info.plist */,
			);
			path = SwiftBitesTests;
			sourceTree = "<group>";
		};
		BCE97EFB1DD0FCE1003F5F32 /* SwiftBitesUITests */ = {
			isa = PBXGroup;
			children = (
				BCE97EFC1DD0FCE1003F5F32 /* SwiftBitesUITests.swift */,
				BCE97EFE1DD0FCE1003F5F32 /* Info.plist */,
			);
			path = SwiftBitesUITests;
			sourceTree = "<group>";
		};
		EE45881CCDF80DF8822577A8 /* Pods */ = {
			isa = PBXGroup;
			children = (
				57F3325CA75C90ACA1DAF3D3 /* Pods-SwiftBites.debug.xcconfig */,
				9E1CE95A706CC9CE37B90475 /* Pods-SwiftBites.release.xcconfig */,
				8F2C26EBB17AD13E4F9EA1B4 /* Pods-SwiftBitesTests.debug.xcconfig */,
				3D55E0E3CC0BE839E49E24CC /* Pods-SwiftBitesTests.release.xcconfig */,
				9CD34E70FC990EC8369BAF8C /* Pods-SwiftBitesUITests.debug.xcconfig */,
				AE6F7DC2E79881B752C84798 /* Pods-SwiftBitesUITests.release.xcconfig */,
			);
			name = Pods;
			sourceTree = "<group>";
		};
/* End PBXGroup section */

/* Begin PBXNativeTarget section */
		BCE97ED61DD0FCE1003F5F32 /* SwiftBites */ = {
			isa = PBXNativeTarget;
			buildConfigurationList = BCE97F011DD0FCE1003F5F32 /* Build configuration list for PBXNativeTarget "SwiftBites" */;
			buildPhases = (
				217B7484FCC840E33F07D1E3 /* [CP] Check Pods Manifest.lock */,
				BCE97ED31DD0FCE1003F5F32 /* Sources */,
				BCE97ED41DD0FCE1003F5F32 /* Frameworks */,
				BCE97ED51DD0FCE1003F5F32 /* Resources */,
				C02B28B17AF9DF4AD3BE404C /* [CP] Embed Pods Frameworks */,
				AFC1D5EB9677AA89B65029D2 /* [CP] Copy Pods Resources */,
			);
			buildRules = (
			);
			dependencies = (
			);
			name = SwiftBites;
			productName = SwiftBites;
			productReference = BCE97ED71DD0FCE1003F5F32 /* SwiftBites.app */;
			productType = "com.apple.product-type.application";
		};
		BCE97EEC1DD0FCE1003F5F32 /* SwiftBitesTests */ = {
			isa = PBXNativeTarget;
			buildConfigurationList = BCE97F041DD0FCE1003F5F32 /* Build configuration list for PBXNativeTarget "SwiftBitesTests" */;
			buildPhases = (
				48854C4872F69D18E1786848 /* [CP] Check Pods Manifest.lock */,
				BCE97EE91DD0FCE1003F5F32 /* Sources */,
				BCE97EEA1DD0FCE1003F5F32 /* Frameworks */,
				BCE97EEB1DD0FCE1003F5F32 /* Resources */,
				AD1830A54261572AC77E7554 /* [CP] Embed Pods Frameworks */,
				82E690FFB2F8960EDFEA8C7A /* [CP] Copy Pods Resources */,
			);
			buildRules = (
			);
			dependencies = (
				BCE97EEF1DD0FCE1003F5F32 /* PBXTargetDependency */,
			);
			name = SwiftBitesTests;
			productName = SwiftBitesTests;
			productReference = BCE97EED1DD0FCE1003F5F32 /* SwiftBitesTests.xctest */;
			productType = "com.apple.product-type.bundle.unit-test";
		};
		BCE97EF71DD0FCE1003F5F32 /* SwiftBitesUITests */ = {
			isa = PBXNativeTarget;
			buildConfigurationList = BCE97F071DD0FCE1003F5F32 /* Build configuration list for PBXNativeTarget "SwiftBitesUITests" */;
			buildPhases = (
				9782E36C9E9BD40BC3570F11 /* [CP] Check Pods Manifest.lock */,
				BCE97EF41DD0FCE1003F5F32 /* Sources */,
				BCE97EF51DD0FCE1003F5F32 /* Frameworks */,
				BCE97EF61DD0FCE1003F5F32 /* Resources */,
				892B5762FA8AD354DE1160C9 /* [CP] Embed Pods Frameworks */,
				3BB1896E7A9D0A76C7956799 /* [CP] Copy Pods Resources */,
			);
			buildRules = (
			);
			dependencies = (
				BCE97EFA1DD0FCE1003F5F32 /* PBXTargetDependency */,
			);
			name = SwiftBitesUITests;
			productName = SwiftBitesUITests;
			productReference = BCE97EF81DD0FCE1003F5F32 /* SwiftBitesUITests.xctest */;
			productType = "com.apple.product-type.bundle.ui-testing";
		};
/* End PBXNativeTarget section */

/* Begin PBXProject section */
		BCE97ECF1DD0FCE1003F5F32 /* Project object */ = {
			isa = PBXProject;
			attributes = {
				LastSwiftUpdateCheck = 0800;
				LastUpgradeCheck = 0800;
				ORGANIZATIONNAME = "Ziyun Zheng";
				TargetAttributes = {
					BCE97ED61DD0FCE1003F5F32 = {
						CreatedOnToolsVersion = 8.0;
						ProvisioningStyle = Automatic;
					};
					BCE97EEC1DD0FCE1003F5F32 = {
						CreatedOnToolsVersion = 8.0;
						ProvisioningStyle = Automatic;
						TestTargetID = BCE97ED61DD0FCE1003F5F32;
					};
					BCE97EF71DD0FCE1003F5F32 = {
						CreatedOnToolsVersion = 8.0;
						ProvisioningStyle = Automatic;
						TestTargetID = BCE97ED61DD0FCE1003F5F32;
					};
				};
			};
			buildConfigurationList = BCE97ED21DD0FCE1003F5F32 /* Build configuration list for PBXProject "SwiftBites" */;
			compatibilityVersion = "Xcode 3.2";
			developmentRegion = English;
			hasScannedForEncodings = 0;
			knownRegions = (
				en,
				Base,
			);
			mainGroup = BCE97ECE1DD0FCE1003F5F32;
			productRefGroup = BCE97ED81DD0FCE1003F5F32 /* Products */;
			projectDirPath = "";
			projectRoot = "";
			targets = (
				BCE97ED61DD0FCE1003F5F32 /* SwiftBites */,
				BCE97EEC1DD0FCE1003F5F32 /* SwiftBitesTests */,
				BCE97EF71DD0FCE1003F5F32 /* SwiftBitesUITests */,
			);
		};
/* End PBXProject section */

/* Begin PBXResourcesBuildPhase section */
		BCE97ED51DD0FCE1003F5F32 /* Resources */ = {
			isa = PBXResourcesBuildPhase;
			buildActionMask = 2147483647;
			files = (
				BCE97EE71DD0FCE1003F5F32 /* LaunchScreen.storyboard in Resources */,
				BCE97EE41DD0FCE1003F5F32 /* Assets.xcassets in Resources */,
				BCE97EE21DD0FCE1003F5F32 /* Main.storyboard in Resources */,
			);
			runOnlyForDeploymentPostprocessing = 0;
		};
		BCE97EEB1DD0FCE1003F5F32 /* Resources */ = {
			isa = PBXResourcesBuildPhase;
			buildActionMask = 2147483647;
			files = (
			);
			runOnlyForDeploymentPostprocessing = 0;
		};
		BCE97EF61DD0FCE1003F5F32 /* Resources */ = {
			isa = PBXResourcesBuildPhase;
			buildActionMask = 2147483647;
			files = (
			);
			runOnlyForDeploymentPostprocessing = 0;
		};
/* End PBXResourcesBuildPhase section */

/* Begin PBXShellScriptBuildPhase section */
		217B7484FCC840E33F07D1E3 /* [CP] Check Pods Manifest.lock */ = {
			isa = PBXShellScriptBuildPhase;
			buildActionMask = 2147483647;
			files = (
			);
			inputPaths = (
			);
			name = "[CP] Check Pods Manifest.lock";
			outputPaths = (
			);
			runOnlyForDeploymentPostprocessing = 0;
			shellPath = /bin/sh;
			shellScript = "diff \"${PODS_ROOT}/../Podfile.lock\" \"${PODS_ROOT}/Manifest.lock\" > /dev/null\nif [ $? != 0 ] ; then\n    # print error to STDERR\n    echo \"error: The sandbox is not in sync with the Podfile.lock. Run 'pod install' or update your CocoaPods installation.\" >&2\n    exit 1\nfi\n";
			showEnvVarsInLog = 0;
		};
		3BB1896E7A9D0A76C7956799 /* [CP] Copy Pods Resources */ = {
			isa = PBXShellScriptBuildPhase;
			buildActionMask = 2147483647;
			files = (
			);
			inputPaths = (
			);
			name = "[CP] Copy Pods Resources";
			outputPaths = (
			);
			runOnlyForDeploymentPostprocessing = 0;
			shellPath = /bin/sh;
			shellScript = "\"${SRCROOT}/Pods/Target Support Files/Pods-SwiftBitesUITests/Pods-SwiftBitesUITests-resources.sh\"\n";
			showEnvVarsInLog = 0;
		};
		48854C4872F69D18E1786848 /* [CP] Check Pods Manifest.lock */ = {
			isa = PBXShellScriptBuildPhase;
			buildActionMask = 2147483647;
			files = (
			);
			inputPaths = (
			);
			name = "[CP] Check Pods Manifest.lock";
			outputPaths = (
			);
			runOnlyForDeploymentPostprocessing = 0;
			shellPath = /bin/sh;
			shellScript = "diff \"${PODS_ROOT}/../Podfile.lock\" \"${PODS_ROOT}/Manifest.lock\" > /dev/null\nif [ $? != 0 ] ; then\n    # print error to STDERR\n    echo \"error: The sandbox is not in sync with the Podfile.lock. Run 'pod install' or update your CocoaPods installation.\" >&2\n    exit 1\nfi\n";
			showEnvVarsInLog = 0;
		};
		82E690FFB2F8960EDFEA8C7A /* [CP] Copy Pods Resources */ = {
			isa = PBXShellScriptBuildPhase;
			buildActionMask = 2147483647;
			files = (
			);
			inputPaths = (
			);
			name = "[CP] Copy Pods Resources";
			outputPaths = (
			);
			runOnlyForDeploymentPostprocessing = 0;
			shellPath = /bin/sh;
			shellScript = "\"${SRCROOT}/Pods/Target Support Files/Pods-SwiftBitesTests/Pods-SwiftBitesTests-resources.sh\"\n";
			showEnvVarsInLog = 0;
		};
		892B5762FA8AD354DE1160C9 /* [CP] Embed Pods Frameworks */ = {
			isa = PBXShellScriptBuildPhase;
			buildActionMask = 2147483647;
			files = (
			);
			inputPaths = (
			);
			name = "[CP] Embed Pods Frameworks";
			outputPaths = (
			);
			runOnlyForDeploymentPostprocessing = 0;
			shellPath = /bin/sh;
			shellScript = "\"${SRCROOT}/Pods/Target Support Files/Pods-SwiftBitesUITests/Pods-SwiftBitesUITests-frameworks.sh\"\n";
			showEnvVarsInLog = 0;
		};
		9782E36C9E9BD40BC3570F11 /* [CP] Check Pods Manifest.lock */ = {
			isa = PBXShellScriptBuildPhase;
			buildActionMask = 2147483647;
			files = (
			);
			inputPaths = (
			);
			name = "[CP] Check Pods Manifest.lock";
			outputPaths = (
			);
			runOnlyForDeploymentPostprocessing = 0;
			shellPath = /bin/sh;
			shellScript = "diff \"${PODS_ROOT}/../Podfile.lock\" \"${PODS_ROOT}/Manifest.lock\" > /dev/null\nif [ $? != 0 ] ; then\n    # print error to STDERR\n    echo \"error: The sandbox is not in sync with the Podfile.lock. Run 'pod install' or update your CocoaPods installation.\" >&2\n    exit 1\nfi\n";
			showEnvVarsInLog = 0;
		};
		AD1830A54261572AC77E7554 /* [CP] Embed Pods Frameworks */ = {
			isa = PBXShellScriptBuildPhase;
			buildActionMask = 2147483647;
			files = (
			);
			inputPaths = (
			);
			name = "[CP] Embed Pods Frameworks";
			outputPaths = (
			);
			runOnlyForDeploymentPostprocessing = 0;
			shellPath = /bin/sh;
			shellScript = "\"${SRCROOT}/Pods/Target Support Files/Pods-SwiftBitesTests/Pods-SwiftBitesTests-frameworks.sh\"\n";
			showEnvVarsInLog = 0;
		};
		AFC1D5EB9677AA89B65029D2 /* [CP] Copy Pods Resources */ = {
			isa = PBXShellScriptBuildPhase;
			buildActionMask = 2147483647;
			files = (
			);
			inputPaths = (
			);
			name = "[CP] Copy Pods Resources";
			outputPaths = (
			);
			runOnlyForDeploymentPostprocessing = 0;
			shellPath = /bin/sh;
			shellScript = "\"${SRCROOT}/Pods/Target Support Files/Pods-SwiftBites/Pods-SwiftBites-resources.sh\"\n";
			showEnvVarsInLog = 0;
		};
		C02B28B17AF9DF4AD3BE404C /* [CP] Embed Pods Frameworks */ = {
			isa = PBXShellScriptBuildPhase;
			buildActionMask = 2147483647;
			files = (
			);
			inputPaths = (
			);
			name = "[CP] Embed Pods Frameworks";
			outputPaths = (
			);
			runOnlyForDeploymentPostprocessing = 0;
			shellPath = /bin/sh;
			shellScript = "\"${SRCROOT}/Pods/Target Support Files/Pods-SwiftBites/Pods-SwiftBites-frameworks.sh\"\n";
			showEnvVarsInLog = 0;
		};
/* End PBXShellScriptBuildPhase section */

/* Begin PBXSourcesBuildPhase section */
		BCE97ED31DD0FCE1003F5F32 /* Sources */ = {
			isa = PBXSourcesBuildPhase;
			buildActionMask = 2147483647;
			files = (
				BCE97EDF1DD0FCE1003F5F32 /* SearchViewController.swift in Sources */,
				BCE97EDB1DD0FCE1003F5F32 /* AppDelegate.swift in Sources */,
				BCE97F0D1DD100F2003F5F32 /* ShopViewController.swift in Sources */,
				BCD255C71DD1046C005965D8 /* RecipeParser.swift in Sources */,
				BCD255CB1DD105CF005965D8 /* Video.swift in Sources */,
				BCD255C91DD105BB005965D8 /* RecipeClient.swift in Sources */,
				BCD255C31DD103C7005965D8 /* Recipe.swift in Sources */,
				BCFAD9291DD3A16700AD67D6 /* YoutubeVideoCell.swift in Sources */,
				BCE97F0B1DD1005B003F5F32 /* SavedViewController.swift in Sources */,
				BCE97EDD1DD0FCE1003F5F32 /* FeaturedViewController.swift in Sources */,
			);
			runOnlyForDeploymentPostprocessing = 0;
		};
		BCE97EE91DD0FCE1003F5F32 /* Sources */ = {
			isa = PBXSourcesBuildPhase;
			buildActionMask = 2147483647;
			files = (
				BCE97EF21DD0FCE1003F5F32 /* SwiftBitesTests.swift in Sources */,
			);
			runOnlyForDeploymentPostprocessing = 0;
		};
		BCE97EF41DD0FCE1003F5F32 /* Sources */ = {
			isa = PBXSourcesBuildPhase;
			buildActionMask = 2147483647;
			files = (
				BCE97EFD1DD0FCE1003F5F32 /* SwiftBitesUITests.swift in Sources */,
			);
			runOnlyForDeploymentPostprocessing = 0;
		};
/* End PBXSourcesBuildPhase section */

/* Begin PBXTargetDependency section */
		BCE97EEF1DD0FCE1003F5F32 /* PBXTargetDependency */ = {
			isa = PBXTargetDependency;
			target = BCE97ED61DD0FCE1003F5F32 /* SwiftBites */;
			targetProxy = BCE97EEE1DD0FCE1003F5F32 /* PBXContainerItemProxy */;
		};
		BCE97EFA1DD0FCE1003F5F32 /* PBXTargetDependency */ = {
			isa = PBXTargetDependency;
			target = BCE97ED61DD0FCE1003F5F32 /* SwiftBites */;
			targetProxy = BCE97EF91DD0FCE1003F5F32 /* PBXContainerItemProxy */;
		};
/* End PBXTargetDependency section */

/* Begin PBXVariantGroup section */
		BCE97EE01DD0FCE1003F5F32 /* Main.storyboard */ = {
			isa = PBXVariantGroup;
			children = (
				BCE97EE11DD0FCE1003F5F32 /* Base */,
			);
			name = Main.storyboard;
			sourceTree = "<group>";
		};
		BCE97EE51DD0FCE1003F5F32 /* LaunchScreen.storyboard */ = {
			isa = PBXVariantGroup;
			children = (
				BCE97EE61DD0FCE1003F5F32 /* Base */,
			);
			name = LaunchScreen.storyboard;
			sourceTree = "<group>";
		};
/* End PBXVariantGroup section */

/* Begin XCBuildConfiguration section */
		BCE97EFF1DD0FCE1003F5F32 /* Debug */ = {
			isa = XCBuildConfiguration;
			buildSettings = {
				ALWAYS_SEARCH_USER_PATHS = NO;
				CLANG_ANALYZER_NONNULL = YES;
				CLANG_CXX_LANGUAGE_STANDARD = "gnu++0x";
				CLANG_CXX_LIBRARY = "libc++";
				CLANG_ENABLE_MODULES = YES;
				CLANG_ENABLE_OBJC_ARC = YES;
				CLANG_WARN_BOOL_CONVERSION = YES;
				CLANG_WARN_CONSTANT_CONVERSION = YES;
				CLANG_WARN_DIRECT_OBJC_ISA_USAGE = YES_ERROR;
				CLANG_WARN_DOCUMENTATION_COMMENTS = YES;
				CLANG_WARN_EMPTY_BODY = YES;
				CLANG_WARN_ENUM_CONVERSION = YES;
				CLANG_WARN_INFINITE_RECURSION = YES;
				CLANG_WARN_INT_CONVERSION = YES;
				CLANG_WARN_OBJC_ROOT_CLASS = YES_ERROR;
				CLANG_WARN_SUSPICIOUS_MOVES = YES;
				CLANG_WARN_UNREACHABLE_CODE = YES;
				CLANG_WARN__DUPLICATE_METHOD_MATCH = YES;
				"CODE_SIGN_IDENTITY[sdk=iphoneos*]" = "iPhone Developer";
				COPY_PHASE_STRIP = NO;
				DEBUG_INFORMATION_FORMAT = dwarf;
				ENABLE_STRICT_OBJC_MSGSEND = YES;
				ENABLE_TESTABILITY = YES;
				GCC_C_LANGUAGE_STANDARD = gnu99;
				GCC_DYNAMIC_NO_PIC = NO;
				GCC_NO_COMMON_BLOCKS = YES;
				GCC_OPTIMIZATION_LEVEL = 0;
				GCC_PREPROCESSOR_DEFINITIONS = (
					"DEBUG=1",
					"$(inherited)",
				);
				GCC_WARN_64_TO_32_BIT_CONVERSION = YES;
				GCC_WARN_ABOUT_RETURN_TYPE = YES_ERROR;
				GCC_WARN_UNDECLARED_SELECTOR = YES;
				GCC_WARN_UNINITIALIZED_AUTOS = YES_AGGRESSIVE;
				GCC_WARN_UNUSED_FUNCTION = YES;
				GCC_WARN_UNUSED_VARIABLE = YES;
				IPHONEOS_DEPLOYMENT_TARGET = 10.0;
				MTL_ENABLE_DEBUG_INFO = YES;
				ONLY_ACTIVE_ARCH = YES;
				SDKROOT = iphoneos;
				SWIFT_ACTIVE_COMPILATION_CONDITIONS = DEBUG;
				SWIFT_OPTIMIZATION_LEVEL = "-Onone";
			};
			name = Debug;
		};
		BCE97F001DD0FCE1003F5F32 /* Release */ = {
			isa = XCBuildConfiguration;
			buildSettings = {
				ALWAYS_SEARCH_USER_PATHS = NO;
				CLANG_ANALYZER_NONNULL = YES;
				CLANG_CXX_LANGUAGE_STANDARD = "gnu++0x";
				CLANG_CXX_LIBRARY = "libc++";
				CLANG_ENABLE_MODULES = YES;
				CLANG_ENABLE_OBJC_ARC = YES;
				CLANG_WARN_BOOL_CONVERSION = YES;
				CLANG_WARN_CONSTANT_CONVERSION = YES;
				CLANG_WARN_DIRECT_OBJC_ISA_USAGE = YES_ERROR;
				CLANG_WARN_DOCUMENTATION_COMMENTS = YES;
				CLANG_WARN_EMPTY_BODY = YES;
				CLANG_WARN_ENUM_CONVERSION = YES;
				CLANG_WARN_INFINITE_RECURSION = YES;
				CLANG_WARN_INT_CONVERSION = YES;
				CLANG_WARN_OBJC_ROOT_CLASS = YES_ERROR;
				CLANG_WARN_SUSPICIOUS_MOVES = YES;
				CLANG_WARN_UNREACHABLE_CODE = YES;
				CLANG_WARN__DUPLICATE_METHOD_MATCH = YES;
				"CODE_SIGN_IDENTITY[sdk=iphoneos*]" = "iPhone Developer";
				COPY_PHASE_STRIP = NO;
				DEBUG_INFORMATION_FORMAT = "dwarf-with-dsym";
				ENABLE_NS_ASSERTIONS = NO;
				ENABLE_STRICT_OBJC_MSGSEND = YES;
				GCC_C_LANGUAGE_STANDARD = gnu99;
				GCC_NO_COMMON_BLOCKS = YES;
				GCC_WARN_64_TO_32_BIT_CONVERSION = YES;
				GCC_WARN_ABOUT_RETURN_TYPE = YES_ERROR;
				GCC_WARN_UNDECLARED_SELECTOR = YES;
				GCC_WARN_UNINITIALIZED_AUTOS = YES_AGGRESSIVE;
				GCC_WARN_UNUSED_FUNCTION = YES;
				GCC_WARN_UNUSED_VARIABLE = YES;
				IPHONEOS_DEPLOYMENT_TARGET = 10.0;
				MTL_ENABLE_DEBUG_INFO = NO;
				SDKROOT = iphoneos;
				SWIFT_OPTIMIZATION_LEVEL = "-Owholemodule";
				VALIDATE_PRODUCT = YES;
			};
			name = Release;
		};
		BCE97F021DD0FCE1003F5F32 /* Debug */ = {
			isa = XCBuildConfiguration;
			baseConfigurationReference = 57F3325CA75C90ACA1DAF3D3 /* Pods-SwiftBites.debug.xcconfig */;
			buildSettings = {
				ASSETCATALOG_COMPILER_APPICON_NAME = AppIcon;
				INFOPLIST_FILE = SwiftBites/Info.plist;
				LD_RUNPATH_SEARCH_PATHS = "$(inherited) @executable_path/Frameworks";
				PRODUCT_BUNDLE_IDENTIFIER = ziyunz.SwiftBites;
				PRODUCT_NAME = "$(TARGET_NAME)";
				SWIFT_VERSION = 3.0;
			};
			name = Debug;
		};
		BCE97F031DD0FCE1003F5F32 /* Release */ = {
			isa = XCBuildConfiguration;
			baseConfigurationReference = 9E1CE95A706CC9CE37B90475 /* Pods-SwiftBites.release.xcconfig */;
			buildSettings = {
				ASSETCATALOG_COMPILER_APPICON_NAME = AppIcon;
				INFOPLIST_FILE = SwiftBites/Info.plist;
				LD_RUNPATH_SEARCH_PATHS = "$(inherited) @executable_path/Frameworks";
				PRODUCT_BUNDLE_IDENTIFIER = ziyunz.SwiftBites;
				PRODUCT_NAME = "$(TARGET_NAME)";
				SWIFT_VERSION = 3.0;
			};
			name = Release;
		};
		BCE97F051DD0FCE1003F5F32 /* Debug */ = {
			isa = XCBuildConfiguration;
			baseConfigurationReference = 8F2C26EBB17AD13E4F9EA1B4 /* Pods-SwiftBitesTests.debug.xcconfig */;
			buildSettings = {
				ALWAYS_EMBED_SWIFT_STANDARD_LIBRARIES = YES;
				BUNDLE_LOADER = "$(TEST_HOST)";
				INFOPLIST_FILE = SwiftBitesTests/Info.plist;
				LD_RUNPATH_SEARCH_PATHS = "$(inherited) @executable_path/Frameworks @loader_path/Frameworks";
				PRODUCT_BUNDLE_IDENTIFIER = ziyunz.SwiftBitesTests;
				PRODUCT_NAME = "$(TARGET_NAME)";
				SWIFT_VERSION = 3.0;
				TEST_HOST = "$(BUILT_PRODUCTS_DIR)/SwiftBites.app/SwiftBites";
			};
			name = Debug;
		};
		BCE97F061DD0FCE1003F5F32 /* Release */ = {
			isa = XCBuildConfiguration;
			baseConfigurationReference = 3D55E0E3CC0BE839E49E24CC /* Pods-SwiftBitesTests.release.xcconfig */;
			buildSettings = {
				ALWAYS_EMBED_SWIFT_STANDARD_LIBRARIES = YES;
				BUNDLE_LOADER = "$(TEST_HOST)";
				INFOPLIST_FILE = SwiftBitesTests/Info.plist;
				LD_RUNPATH_SEARCH_PATHS = "$(inherited) @executable_path/Frameworks @loader_path/Frameworks";
				PRODUCT_BUNDLE_IDENTIFIER = ziyunz.SwiftBitesTests;
				PRODUCT_NAME = "$(TARGET_NAME)";
				SWIFT_VERSION = 3.0;
				TEST_HOST = "$(BUILT_PRODUCTS_DIR)/SwiftBites.app/SwiftBites";
			};
			name = Release;
		};
		BCE97F081DD0FCE1003F5F32 /* Debug */ = {
			isa = XCBuildConfiguration;
			baseConfigurationReference = 9CD34E70FC990EC8369BAF8C /* Pods-SwiftBitesUITests.debug.xcconfig */;
			buildSettings = {
				ALWAYS_EMBED_SWIFT_STANDARD_LIBRARIES = YES;
				INFOPLIST_FILE = SwiftBitesUITests/Info.plist;
				LD_RUNPATH_SEARCH_PATHS = "$(inherited) @executable_path/Frameworks @loader_path/Frameworks";
				PRODUCT_BUNDLE_IDENTIFIER = ziyunz.SwiftBitesUITests;
				PRODUCT_NAME = "$(TARGET_NAME)";
				SWIFT_VERSION = 3.0;
				TEST_TARGET_NAME = SwiftBites;
			};
			name = Debug;
		};
		BCE97F091DD0FCE1003F5F32 /* Release */ = {
			isa = XCBuildConfiguration;
			baseConfigurationReference = AE6F7DC2E79881B752C84798 /* Pods-SwiftBitesUITests.release.xcconfig */;
			buildSettings = {
				ALWAYS_EMBED_SWIFT_STANDARD_LIBRARIES = YES;
				INFOPLIST_FILE = SwiftBitesUITests/Info.plist;
				LD_RUNPATH_SEARCH_PATHS = "$(inherited) @executable_path/Frameworks @loader_path/Frameworks";
				PRODUCT_BUNDLE_IDENTIFIER = ziyunz.SwiftBitesUITests;
				PRODUCT_NAME = "$(TARGET_NAME)";
				SWIFT_VERSION = 3.0;
				TEST_TARGET_NAME = SwiftBites;
			};
			name = Release;
		};
/* End XCBuildConfiguration section */

/* Begin XCConfigurationList section */
		BCE97ED21DD0FCE1003F5F32 /* Build configuration list for PBXProject "SwiftBites" */ = {
			isa = XCConfigurationList;
			buildConfigurations = (
				BCE97EFF1DD0FCE1003F5F32 /* Debug */,
				BCE97F001DD0FCE1003F5F32 /* Release */,
			);
			defaultConfigurationIsVisible = 0;
			defaultConfigurationName = Release;
		};
		BCE97F011DD0FCE1003F5F32 /* Build configuration list for PBXNativeTarget "SwiftBites" */ = {
			isa = XCConfigurationList;
			buildConfigurations = (
				BCE97F021DD0FCE1003F5F32 /* Debug */,
				BCE97F031DD0FCE1003F5F32 /* Release */,
			);
			defaultConfigurationIsVisible = 0;
			defaultConfigurationName = Release;
		};
		BCE97F041DD0FCE1003F5F32 /* Build configuration list for PBXNativeTarget "SwiftBitesTests" */ = {
			isa = XCConfigurationList;
			buildConfigurations = (
				BCE97F051DD0FCE1003F5F32 /* Debug */,
				BCE97F061DD0FCE1003F5F32 /* Release */,
			);
			defaultConfigurationIsVisible = 0;
			defaultConfigurationName = Release;
		};
		BCE97F071DD0FCE1003F5F32 /* Build configuration list for PBXNativeTarget "SwiftBitesUITests" */ = {
			isa = XCConfigurationList;
			buildConfigurations = (
				BCE97F081DD0FCE1003F5F32 /* Debug */,
				BCE97F091DD0FCE1003F5F32 /* Release */,
			);
			defaultConfigurationIsVisible = 0;
			defaultConfigurationName = Release;
		};
/* End XCConfigurationList section */
	};
	rootObject = BCE97ECF1DD0FCE1003F5F32 /* Project object */;
}
